<?xml version="1.0" encoding="utf-8"?>
<Project ToolsVersion="4.0" xmlns="http://schemas.microsoft.com/developer/msbuild/2003">
  <ItemGroup>
    <ClCompile Include="Application.cpp" />
    <ClCompile Include="log.cpp" />
    <ClCompile Include="Main.cpp" />
    <ClCompile Include="ImGui\imgui.cpp">
      <Filter>3rdParty\ImGui</Filter>
    </ClCompile>
    <ClCompile Include="ImGui\imgui_demo.cpp">
      <Filter>3rdParty\ImGui</Filter>
    </ClCompile>
    <ClCompile Include="ImGui\imgui_draw.cpp">
      <Filter>3rdParty\ImGui</Filter>
    </ClCompile>
    <ClCompile Include="ImGui\imgui_impl_opengl3.cpp">
      <Filter>3rdParty\ImGui</Filter>
    </ClCompile>
    <ClCompile Include="ImGui\imgui_impl_sdl.cpp">
      <Filter>3rdParty\ImGui</Filter>
    </ClCompile>
    <ClCompile Include="ImGui\imgui_tables.cpp">
      <Filter>3rdParty\ImGui</Filter>
    </ClCompile>
    <ClCompile Include="ImGui\imgui_widgets.cpp">
      <Filter>3rdParty\ImGui</Filter>
    </ClCompile>
    <ClCompile Include="Modules\src\ModuleDebugDraw.cpp">
      <Filter>Modules\SourceFiles</Filter>
    </ClCompile>
    <ClCompile Include="Modules\src\ModuleEditor.cpp">
      <Filter>Modules\SourceFiles</Filter>
    </ClCompile>
    <ClCompile Include="Modules\src\ModuleInput.cpp">
      <Filter>Modules\SourceFiles</Filter>
    </ClCompile>
    <ClCompile Include="Modules\src\ModuleProgram.cpp">
      <Filter>Modules\SourceFiles</Filter>
    </ClCompile>
    <ClCompile Include="Modules\src\ModuleRender.cpp">
      <Filter>Modules\SourceFiles</Filter>
    </ClCompile>
    <ClCompile Include="Modules\src\ModuleRenderExercise.cpp">
      <Filter>Modules\SourceFiles</Filter>
    </ClCompile>
    <ClCompile Include="Modules\src\ModuleTexture.cpp">
      <Filter>Modules\SourceFiles</Filter>
    </ClCompile>
    <ClCompile Include="Modules\src\ModuleWindow.cpp">
      <Filter>Modules\SourceFiles</Filter>
    </ClCompile>
    <ClCompile Include="..\..\MathGeoLib\Time\Clock.cpp">
      <Filter>3rdParty\MathGeoLib\Time</Filter>
    </ClCompile>
    <ClCompile Include="..\..\MathGeoLib\Math\BitOps.cpp">
      <Filter>3rdParty\MathGeoLib\Math</Filter>
    </ClCompile>
    <ClCompile Include="..\..\MathGeoLib\Math\Callstack.cpp">
      <Filter>3rdParty\MathGeoLib\Math</Filter>
    </ClCompile>
    <ClCompile Include="..\..\MathGeoLib\Math\float2.cpp">
      <Filter>3rdParty\MathGeoLib\Math</Filter>
    </ClCompile>
    <ClCompile Include="..\..\MathGeoLib\Math\float3.cpp">
      <Filter>3rdParty\MathGeoLib\Math</Filter>
    </ClCompile>
    <ClCompile Include="..\..\MathGeoLib\Math\float3x3.cpp">
      <Filter>3rdParty\MathGeoLib\Math</Filter>
    </ClCompile>
    <ClCompile Include="..\..\MathGeoLib\Math\float3x4.cpp">
      <Filter>3rdParty\MathGeoLib\Math</Filter>
    </ClCompile>
    <ClCompile Include="..\..\MathGeoLib\Math\float4.cpp">
      <Filter>3rdParty\MathGeoLib\Math</Filter>
    </ClCompile>
    <ClCompile Include="..\..\MathGeoLib\Math\float4d.cpp">
      <Filter>3rdParty\MathGeoLib\Math</Filter>
    </ClCompile>
    <ClCompile Include="..\..\MathGeoLib\Math\float4x4.cpp">
      <Filter>3rdParty\MathGeoLib\Math</Filter>
    </ClCompile>
    <ClCompile Include="..\..\MathGeoLib\Math\grisu3.c">
      <Filter>3rdParty\MathGeoLib\Math</Filter>
    </ClCompile>
    <ClCompile Include="..\..\MathGeoLib\Math\grisu3_cpp.cpp">
      <Filter>3rdParty\MathGeoLib\Math</Filter>
    </ClCompile>
    <ClCompile Include="..\..\MathGeoLib\Math\MathFunc.cpp">
      <Filter>3rdParty\MathGeoLib\Math</Filter>
    </ClCompile>
    <ClCompile Include="..\..\MathGeoLib\Math\MathLog.cpp">
      <Filter>3rdParty\MathGeoLib\Math</Filter>
    </ClCompile>
    <ClCompile Include="..\..\MathGeoLib\Math\MathOps.cpp">
      <Filter>3rdParty\MathGeoLib\Math</Filter>
    </ClCompile>
    <ClCompile Include="..\..\MathGeoLib\Math\MiniFloat.cpp">
      <Filter>3rdParty\MathGeoLib\Math</Filter>
    </ClCompile>
    <ClCompile Include="..\..\MathGeoLib\Math\Polynomial.cpp">
      <Filter>3rdParty\MathGeoLib\Math</Filter>
    </ClCompile>
    <ClCompile Include="..\..\MathGeoLib\Math\Quat.cpp">
      <Filter>3rdParty\MathGeoLib\Math</Filter>
    </ClCompile>
    <ClCompile Include="..\..\MathGeoLib\Math\SSEMath.cpp">
      <Filter>3rdParty\MathGeoLib\Math</Filter>
    </ClCompile>
    <ClCompile Include="..\..\MathGeoLib\Math\TransformOps.cpp">
      <Filter>3rdParty\MathGeoLib\Math</Filter>
    </ClCompile>
    <ClCompile Include="..\..\MathGeoLib\Geometry\AABB.cpp">
      <Filter>3rdParty\MathGeoLib\Geometry</Filter>
    </ClCompile>
    <ClCompile Include="..\..\MathGeoLib\Geometry\Capsule.cpp">
      <Filter>3rdParty\MathGeoLib\Geometry</Filter>
    </ClCompile>
    <ClCompile Include="..\..\MathGeoLib\Geometry\Circle.cpp">
      <Filter>3rdParty\MathGeoLib\Geometry</Filter>
    </ClCompile>
    <ClCompile Include="..\..\MathGeoLib\Geometry\Circle2D.cpp">
      <Filter>3rdParty\MathGeoLib\Geometry</Filter>
    </ClCompile>
    <ClCompile Include="..\..\MathGeoLib\Geometry\Frustum.cpp">
      <Filter>3rdParty\MathGeoLib\Geometry</Filter>
    </ClCompile>
    <ClCompile Include="..\..\MathGeoLib\Geometry\Line.cpp">
      <Filter>3rdParty\MathGeoLib\Geometry</Filter>
    </ClCompile>
    <ClCompile Include="..\..\MathGeoLib\Geometry\LineSegment.cpp">
      <Filter>3rdParty\MathGeoLib\Geometry</Filter>
    </ClCompile>
    <ClCompile Include="..\..\MathGeoLib\Geometry\LineSegment2D.cpp">
      <Filter>3rdParty\MathGeoLib\Geometry</Filter>
    </ClCompile>
    <ClCompile Include="..\..\MathGeoLib\Geometry\OBB.cpp">
      <Filter>3rdParty\MathGeoLib\Geometry</Filter>
    </ClCompile>
    <ClCompile Include="..\..\MathGeoLib\Geometry\PBVolume.cpp">
      <Filter>3rdParty\MathGeoLib\Geometry</Filter>
    </ClCompile>
    <ClCompile Include="..\..\MathGeoLib\Geometry\Plane.cpp">
      <Filter>3rdParty\MathGeoLib\Geometry</Filter>
    </ClCompile>
    <ClCompile Include="..\..\MathGeoLib\Geometry\Polygon.cpp">
      <Filter>3rdParty\MathGeoLib\Geometry</Filter>
    </ClCompile>
    <ClCompile Include="..\..\MathGeoLib\Geometry\Polyhedron.cpp">
      <Filter>3rdParty\MathGeoLib\Geometry</Filter>
    </ClCompile>
    <ClCompile Include="..\..\MathGeoLib\Geometry\Ray.cpp">
      <Filter>3rdParty\MathGeoLib\Geometry</Filter>
    </ClCompile>
    <ClCompile Include="..\..\MathGeoLib\Geometry\Sphere.cpp">
      <Filter>3rdParty\MathGeoLib\Geometry</Filter>
    </ClCompile>
    <ClCompile Include="..\..\MathGeoLib\Geometry\Triangle.cpp">
      <Filter>3rdParty\MathGeoLib\Geometry</Filter>
    </ClCompile>
    <ClCompile Include="..\..\MathGeoLib\Geometry\Triangle2D.cpp">
      <Filter>3rdParty\MathGeoLib\Geometry</Filter>
    </ClCompile>
    <ClCompile Include="..\..\MathGeoLib\Geometry\TriangleMesh.cpp">
      <Filter>3rdParty\MathGeoLib\Geometry</Filter>
    </ClCompile>
    <ClCompile Include="..\..\MathGeoLib\Algorithm\GJK.cpp">
      <Filter>3rdParty\MathGeoLib\Algorithm</Filter>
    </ClCompile>
    <ClCompile Include="..\..\MathGeoLib\Algorithm\GJK2D.cpp">
      <Filter>3rdParty\MathGeoLib\Algorithm</Filter>
    </ClCompile>
    <ClCompile Include="..\..\MathGeoLib\Algorithm\SAT.cpp">
      <Filter>3rdParty\MathGeoLib\Algorithm</Filter>
    </ClCompile>
    <ClCompile Include="..\..\MathGeoLib\Algorithm\Random\LCG.cpp">
      <Filter>3rdParty\MathGeoLib\Algorithm\Random</Filter>
    </ClCompile>
  </ItemGroup>
  <ItemGroup>
    <ClInclude Include="Application.h" />
    <ClInclude Include="Dummy.h" />
    <ClInclude Include="Globals.h" />
    <ClInclude Include="ImGui\imconfig.h">
      <Filter>3rdParty\ImGui</Filter>
    </ClInclude>
    <ClInclude Include="ImGui\imgui.h">
      <Filter>3rdParty\ImGui</Filter>
    </ClInclude>
    <ClInclude Include="ImGui\imgui_impl_opengl3.h">
      <Filter>3rdParty\ImGui</Filter>
    </ClInclude>
    <ClInclude Include="ImGui\imgui_impl_opengl3_loader.h">
      <Filter>3rdParty\ImGui</Filter>
    </ClInclude>
    <ClInclude Include="ImGui\imgui_impl_sdl.h">
      <Filter>3rdParty\ImGui</Filter>
    </ClInclude>
    <ClInclude Include="ImGui\imgui_internal.h">
      <Filter>3rdParty\ImGui</Filter>
    </ClInclude>
    <ClInclude Include="ImGui\imstb_rectpack.h">
      <Filter>3rdParty\ImGui</Filter>
    </ClInclude>
    <ClInclude Include="ImGui\imstb_textedit.h">
      <Filter>3rdParty\ImGui</Filter>
    </ClInclude>
    <ClInclude Include="ImGui\imstb_truetype.h">
      <Filter>3rdParty\ImGui</Filter>
    </ClInclude>
    <ClInclude Include="resource.h" />
    <ClInclude Include="Modules\inc\ModuleDebugDraw.h">
      <Filter>Modules\HeaderFiles</Filter>
    </ClInclude>
    <ClInclude Include="Modules\inc\ModuleEditor.h">
      <Filter>Modules\HeaderFiles</Filter>
    </ClInclude>
    <ClInclude Include="Modules\inc\ModuleInput.h">
      <Filter>Modules\HeaderFiles</Filter>
    </ClInclude>
    <ClInclude Include="Modules\inc\ModuleProgram.h">
      <Filter>Modules\HeaderFiles</Filter>
    </ClInclude>
    <ClInclude Include="Modules\inc\ModuleRender.h">
      <Filter>Modules\HeaderFiles</Filter>
    </ClInclude>
    <ClInclude Include="Modules\inc\ModuleRenderExercise.h">
      <Filter>Modules\HeaderFiles</Filter>
    </ClInclude>
    <ClInclude Include="Modules\inc\ModuleTexture.h">
      <Filter>Modules\HeaderFiles</Filter>
    </ClInclude>
    <ClInclude Include="Modules\inc\ModuleWindow.h">
      <Filter>Modules\HeaderFiles</Filter>
    </ClInclude>
    <ClInclude Include="Modules\inc\Module.h">
      <Filter>Modules</Filter>
    </ClInclude>
    <ClInclude Include="..\..\MathGeoLib\MathBuildConfig.h">
      <Filter>3rdParty\MathGeoLib</Filter>
    </ClInclude>
    <ClInclude Include="..\..\MathGeoLib\MathGeoLib.h">
      <Filter>3rdParty\MathGeoLib</Filter>
    </ClInclude>
    <ClInclude Include="..\..\MathGeoLib\MathGeoLibFwd.h">
      <Filter>3rdParty\MathGeoLib</Filter>
    </ClInclude>
    <ClInclude Include="..\..\MathGeoLib\Time\Clock.h">
      <Filter>3rdParty\MathGeoLib\Time</Filter>
    </ClInclude>
    <ClInclude Include="..\..\MathGeoLib\Math\assume.h">
      <Filter>3rdParty\MathGeoLib\Math</Filter>
    </ClInclude>
    <ClInclude Include="..\..\MathGeoLib\Math\BitFuncs.h">
      <Filter>3rdParty\MathGeoLib\Math</Filter>
    </ClInclude>
    <ClInclude Include="..\..\MathGeoLib\Math\BitOps.h">
      <Filter>3rdParty\MathGeoLib\Math</Filter>
    </ClInclude>
    <ClInclude Include="..\..\MathGeoLib\Math\Callstack.h">
      <Filter>3rdParty\MathGeoLib\Math</Filter>
    </ClInclude>
    <ClInclude Include="..\..\MathGeoLib\Math\FixedPoint.h">
      <Filter>3rdParty\MathGeoLib\Math</Filter>
    </ClInclude>
    <ClInclude Include="..\..\MathGeoLib\Math\float2.h">
      <Filter>3rdParty\MathGeoLib\Math</Filter>
    </ClInclude>
    <ClInclude Include="..\..\MathGeoLib\Math\float3.h">
      <Filter>3rdParty\MathGeoLib\Math</Filter>
    </ClInclude>
    <ClInclude Include="..\..\MathGeoLib\Math\float3x3.h">
      <Filter>3rdParty\MathGeoLib\Math</Filter>
    </ClInclude>
    <ClInclude Include="..\..\MathGeoLib\Math\float3x4.h">
      <Filter>3rdParty\MathGeoLib\Math</Filter>
    </ClInclude>
    <ClInclude Include="..\..\MathGeoLib\Math\float4.h">
      <Filter>3rdParty\MathGeoLib\Math</Filter>
    </ClInclude>
    <ClInclude Include="..\..\MathGeoLib\Math\float4_neon.h">
      <Filter>3rdParty\MathGeoLib\Math</Filter>
    </ClInclude>
    <ClInclude Include="..\..\MathGeoLib\Math\float4_sse.h">
      <Filter>3rdParty\MathGeoLib\Math</Filter>
    </ClInclude>
    <ClInclude Include="..\..\MathGeoLib\Math\float4d.h">
      <Filter>3rdParty\MathGeoLib\Math</Filter>
    </ClInclude>
    <ClInclude Include="..\..\MathGeoLib\Math\float4x4.h">
      <Filter>3rdParty\MathGeoLib\Math</Filter>
    </ClInclude>
    <ClInclude Include="..\..\MathGeoLib\Math\float4x4_neon.h">
      <Filter>3rdParty\MathGeoLib\Math</Filter>
    </ClInclude>
    <ClInclude Include="..\..\MathGeoLib\Math\float4x4_sse.h">
      <Filter>3rdParty\MathGeoLib\Math</Filter>
    </ClInclude>
    <ClInclude Include="..\..\MathGeoLib\Math\FloatCmp.h">
      <Filter>3rdParty\MathGeoLib\Math</Filter>
    </ClInclude>
    <ClInclude Include="..\..\MathGeoLib\Math\grisu3.h">
      <Filter>3rdParty\MathGeoLib\Math</Filter>
    </ClInclude>
    <ClInclude Include="..\..\MathGeoLib\Math\InclWindows.h">
      <Filter>3rdParty\MathGeoLib\Math</Filter>
    </ClInclude>
    <ClInclude Include="..\..\MathGeoLib\Math\Interpolate.h">
      <Filter>3rdParty\MathGeoLib\Math</Filter>
    </ClInclude>
    <ClInclude Include="..\..\MathGeoLib\Math\MathAll.h">
      <Filter>3rdParty\MathGeoLib\Math</Filter>
    </ClInclude>
    <ClInclude Include="..\..\MathGeoLib\Math\MathConstants.h">
      <Filter>3rdParty\MathGeoLib\Math</Filter>
    </ClInclude>
    <ClInclude Include="..\..\MathGeoLib\Math\MathFunc.h">
      <Filter>3rdParty\MathGeoLib\Math</Filter>
    </ClInclude>
    <ClInclude Include="..\..\MathGeoLib\Math\MathLog.h">
      <Filter>3rdParty\MathGeoLib\Math</Filter>
    </ClInclude>
    <ClInclude Include="..\..\MathGeoLib\Math\MathNamespace.h">
      <Filter>3rdParty\MathGeoLib\Math</Filter>
    </ClInclude>
    <ClInclude Include="..\..\MathGeoLib\Math\MathTypes.h">
      <Filter>3rdParty\MathGeoLib\Math</Filter>
    </ClInclude>
    <ClInclude Include="..\..\MathGeoLib\Math\MatrixProxy.h">
      <Filter>3rdParty\MathGeoLib\Math</Filter>
    </ClInclude>
    <ClInclude Include="..\..\MathGeoLib\Math\MiniFloat.h">
      <Filter>3rdParty\MathGeoLib\Math</Filter>
    </ClInclude>
    <ClInclude Include="..\..\MathGeoLib\Math\MultiLineMacro.h">
      <Filter>3rdParty\MathGeoLib\Math</Filter>
    </ClInclude>
    <ClInclude Include="..\..\MathGeoLib\Math\myassert.h">
      <Filter>3rdParty\MathGeoLib\Math</Filter>
    </ClInclude>
    <ClInclude Include="..\..\MathGeoLib\Math\Polynomial.h">
      <Filter>3rdParty\MathGeoLib\Math</Filter>
    </ClInclude>
    <ClInclude Include="..\..\MathGeoLib\Math\Quat.h">
      <Filter>3rdParty\MathGeoLib\Math</Filter>
    </ClInclude>
    <ClInclude Include="..\..\MathGeoLib\Math\quat_simd.h">
      <Filter>3rdParty\MathGeoLib\Math</Filter>
    </ClInclude>
    <ClInclude Include="..\..\MathGeoLib\Math\Rect.h">
      <Filter>3rdParty\MathGeoLib\Math</Filter>
    </ClInclude>
    <ClInclude Include="..\..\MathGeoLib\Math\Reinterpret.h">
      <Filter>3rdParty\MathGeoLib\Math</Filter>
    </ClInclude>
    <ClInclude Include="..\..\MathGeoLib\Math\simd.h">
      <Filter>3rdParty\MathGeoLib\Math</Filter>
    </ClInclude>
    <ClInclude Include="..\..\MathGeoLib\Math\sse_mathfun.h">
      <Filter>3rdParty\MathGeoLib\Math</Filter>
    </ClInclude>
    <ClInclude Include="..\..\MathGeoLib\Math\SSEMath.h">
      <Filter>3rdParty\MathGeoLib\Math</Filter>
    </ClInclude>
    <ClInclude Include="..\..\MathGeoLib\Math\Swap.h">
      <Filter>3rdParty\MathGeoLib\Math</Filter>
    </ClInclude>
    <ClInclude Include="..\..\MathGeoLib\Math\TransformOps.h">
      <Filter>3rdParty\MathGeoLib\Math</Filter>
    </ClInclude>
    <ClInclude Include="..\..\MathGeoLib\Math\vec2d.h">
      <Filter>3rdParty\MathGeoLib\Math</Filter>
    </ClInclude>
    <ClInclude Include="..\..\MathGeoLib\Geometry\AABB.h">
      <Filter>3rdParty\MathGeoLib\Geometry</Filter>
    </ClInclude>
    <ClInclude Include="..\..\MathGeoLib\Geometry\AABB2D.h">
      <Filter>3rdParty\MathGeoLib\Geometry</Filter>
    </ClInclude>
    <ClInclude Include="..\..\MathGeoLib\Geometry\Capsule.h">
      <Filter>3rdParty\MathGeoLib\Geometry</Filter>
    </ClInclude>
    <ClInclude Include="..\..\MathGeoLib\Geometry\Circle.h">
      <Filter>3rdParty\MathGeoLib\Geometry</Filter>
    </ClInclude>
    <ClInclude Include="..\..\MathGeoLib\Geometry\Circle2D.h">
      <Filter>3rdParty\MathGeoLib\Geometry</Filter>
    </ClInclude>
    <ClInclude Include="..\..\MathGeoLib\Geometry\Frustum.h">
      <Filter>3rdParty\MathGeoLib\Geometry</Filter>
    </ClInclude>
    <ClInclude Include="..\..\MathGeoLib\Geometry\GeometryAll.h">
      <Filter>3rdParty\MathGeoLib\Geometry</Filter>
    </ClInclude>
    <ClInclude Include="..\..\MathGeoLib\Geometry\GeomType.h">
      <Filter>3rdParty\MathGeoLib\Geometry</Filter>
    </ClInclude>
    <ClInclude Include="..\..\MathGeoLib\Geometry\HitInfo.h">
      <Filter>3rdParty\MathGeoLib\Geometry</Filter>
    </ClInclude>
    <ClInclude Include="..\..\MathGeoLib\Geometry\KDTree.h">
      <Filter>3rdParty\MathGeoLib\Geometry</Filter>
    </ClInclude>
    <ClInclude Include="..\..\MathGeoLib\Geometry\Line.h">
      <Filter>3rdParty\MathGeoLib\Geometry</Filter>
    </ClInclude>
    <ClInclude Include="..\..\MathGeoLib\Geometry\LineSegment.h">
      <Filter>3rdParty\MathGeoLib\Geometry</Filter>
    </ClInclude>
    <ClInclude Include="..\..\MathGeoLib\Geometry\LineSegment2D.h">
      <Filter>3rdParty\MathGeoLib\Geometry</Filter>
    </ClInclude>
    <ClInclude Include="..\..\MathGeoLib\Geometry\OBB.h">
      <Filter>3rdParty\MathGeoLib\Geometry</Filter>
    </ClInclude>
    <ClInclude Include="..\..\MathGeoLib\Geometry\OBB2D.h">
      <Filter>3rdParty\MathGeoLib\Geometry</Filter>
    </ClInclude>
    <ClInclude Include="..\..\MathGeoLib\Geometry\PBVolume.h">
      <Filter>3rdParty\MathGeoLib\Geometry</Filter>
    </ClInclude>
    <ClInclude Include="..\..\MathGeoLib\Geometry\Plane.h">
      <Filter>3rdParty\MathGeoLib\Geometry</Filter>
    </ClInclude>
    <ClInclude Include="..\..\MathGeoLib\Geometry\Polygon.h">
      <Filter>3rdParty\MathGeoLib\Geometry</Filter>
    </ClInclude>
    <ClInclude Include="..\..\MathGeoLib\Geometry\Polygon2DRef.h">
      <Filter>3rdParty\MathGeoLib\Geometry</Filter>
    </ClInclude>
    <ClInclude Include="..\..\MathGeoLib\Geometry\Polyhedron.h">
      <Filter>3rdParty\MathGeoLib\Geometry</Filter>
    </ClInclude>
    <ClInclude Include="..\..\MathGeoLib\Geometry\QuadTree.h">
      <Filter>3rdParty\MathGeoLib\Geometry</Filter>
    </ClInclude>
    <ClInclude Include="..\..\MathGeoLib\Geometry\Ray.h">
      <Filter>3rdParty\MathGeoLib\Geometry</Filter>
    </ClInclude>
    <ClInclude Include="..\..\MathGeoLib\Geometry\Sphere.h">
      <Filter>3rdParty\MathGeoLib\Geometry</Filter>
    </ClInclude>
    <ClInclude Include="..\..\MathGeoLib\Geometry\Triangle.h">
      <Filter>3rdParty\MathGeoLib\Geometry</Filter>
    </ClInclude>
    <ClInclude Include="..\..\MathGeoLib\Geometry\Triangle2D.h">
      <Filter>3rdParty\MathGeoLib\Geometry</Filter>
    </ClInclude>
    <ClInclude Include="..\..\MathGeoLib\Geometry\TriangleMesh.h">
      <Filter>3rdParty\MathGeoLib\Geometry</Filter>
    </ClInclude>
    <ClInclude Include="..\..\MathGeoLib\Algorithm\GJK.h">
      <Filter>3rdParty\MathGeoLib\Algorithm</Filter>
    </ClInclude>
    <ClInclude Include="..\..\MathGeoLib\Algorithm\GJK2D.h">
      <Filter>3rdParty\MathGeoLib\Algorithm</Filter>
    </ClInclude>
    <ClInclude Include="..\..\MathGeoLib\Algorithm\SAT.h">
      <Filter>3rdParty\MathGeoLib\Algorithm</Filter>
    </ClInclude>
    <ClInclude Include="..\..\MathGeoLib\Algorithm\Random\LCG.h">
      <Filter>3rdParty\MathGeoLib\Algorithm\Random</Filter>
    </ClInclude>
    <ClInclude Include="debug draw\debug_draw.hpp">
      <Filter>3rdParty\DebugDraw</Filter>
    </ClInclude>
    <ClInclude Include="debug draw\debugdraw.h">
      <Filter>3rdParty\DebugDraw</Filter>
    </ClInclude>
  </ItemGroup>
  <ItemGroup>
    <Filter Include="Modules">
      <UniqueIdentifier>{ac96d51c-416e-4603-8cf9-3e66b3cf82b3}</UniqueIdentifier>
    </Filter>
    <Filter Include="Modules\HeaderFiles">
      <UniqueIdentifier>{cd0745c6-6cdf-4138-8048-f7d0f24b934e}</UniqueIdentifier>
    </Filter>
    <Filter Include="Modules\SourceFiles">
      <UniqueIdentifier>{d6fdcbe9-2464-41e4-b2a7-76cf7495778a}</UniqueIdentifier>
    </Filter>
    <Filter Include="Shaders">
      <UniqueIdentifier>{751fffde-6bb7-41a9-9865-869cffd7a3d9}</UniqueIdentifier>
    </Filter>
    <Filter Include="Shaders\Vertex">
      <UniqueIdentifier>{aec2c533-cd21-4dc1-a524-f604fdc5ba08}</UniqueIdentifier>
    </Filter>
    <Filter Include="Shaders\Fragments">
      <UniqueIdentifier>{c4532477-9c60-4b48-b203-4a39ec1cfc8e}</UniqueIdentifier>
    </Filter>
    <Filter Include="3rdParty">
      <UniqueIdentifier>{4423f593-4840-419c-8bde-035b813b9064}</UniqueIdentifier>
    </Filter>
    <Filter Include="3rdParty\MathGeoLib">
      <UniqueIdentifier>{ba503556-24b8-4cf9-b49e-f9f24ad550d0}</UniqueIdentifier>
    </Filter>
    <Filter Include="3rdParty\MathGeoLib\Math">
      <UniqueIdentifier>{73d5bceb-f735-4f3c-8dcc-4a276047f7ad}</UniqueIdentifier>
    </Filter>
    <Filter Include="3rdParty\MathGeoLib\Algorithm">
      <UniqueIdentifier>{31eb6271-cdd4-4a32-85de-1ef30359656c}</UniqueIdentifier>
    </Filter>
    <Filter Include="3rdParty\MathGeoLib\Time">
      <UniqueIdentifier>{2c2793b1-7a89-4a5a-8cfc-012c29395c83}</UniqueIdentifier>
    </Filter>
    <Filter Include="3rdParty\MathGeoLib\Geometry">
      <UniqueIdentifier>{b0243eb9-9fb7-45d9-a335-ba902a4138e4}</UniqueIdentifier>
    </Filter>
    <Filter Include="3rdParty\ImGui">
      <UniqueIdentifier>{8de16b99-979d-4580-977a-42af4e5f4cfc}</UniqueIdentifier>
    </Filter>
    <Filter Include="3rdParty\MathGeoLib\Algorithm\Random">
      <UniqueIdentifier>{f3bc9072-3804-4962-a771-791be4626472}</UniqueIdentifier>
    </Filter>
    <Filter Include="3rdParty\DebugDraw">
      <UniqueIdentifier>{9c773116-a4bd-44f6-bfed-c1d3eb53bd4c}</UniqueIdentifier>
    </Filter>
  </ItemGroup>
  <ItemGroup>
    <None Include="Shaders\fragment_triangle.glsl">
      <Filter>Shaders\Fragments</Filter>
    </None>
    <None Include="Shaders\vertex_triangle.glsl">
      <Filter>Shaders\Vertex</Filter>
    </None>
    <None Include="Shaders\VertexShaderWithUniforms.glsl">
      <Filter>Shaders\Vertex</Filter>
    </None>
    <None Include="..\..\MathGeoLib\Math\float2.inl">
      <Filter>3rdParty\MathGeoLib\Math</Filter>
    </None>
    <None Include="..\..\MathGeoLib\Math\Matrix.inl">
      <Filter>3rdParty\MathGeoLib\Math</Filter>
    </None>
    <None Include="..\..\MathGeoLib\Geometry\KDTree.inl">
      <Filter>3rdParty\MathGeoLib\Geometry</Filter>
    </None>
    <None Include="..\..\MathGeoLib\Geometry\QuadTree.inl">
      <Filter>3rdParty\MathGeoLib\Geometry</Filter>
    </None>
    <None Include="..\..\MathGeoLib\Geometry\TriangleMesh_IntersectRay_AVX.inl">
      <Filter>3rdParty\MathGeoLib\Geometry</Filter>
    </None>
    <None Include="..\..\MathGeoLib\Geometry\TriangleMesh_IntersectRay_CPP.inl">
      <Filter>3rdParty\MathGeoLib\Geometry</Filter>
    </None>
    <None Include="..\..\MathGeoLib\Geometry\TriangleMesh_IntersectRay_SSE.inl">
      <Filter>3rdParty\MathGeoLib\Geometry</Filter>
    </None>
  </ItemGroup>
  <ItemGroup>
    <ResourceCompile Include="Engine.rc" />
  </ItemGroup>
  <ItemGroup>
    <Text Include="FragmentShaderWithUniforms.glsl">
      <Filter>Shaders\Fragments</Filter>
    </Text>
  </ItemGroup>
</Project>