<?xml version="1.0" encoding="utf-8"?>
<Project ToolsVersion="4.0" xmlns="http://schemas.microsoft.com/developer/msbuild/2003">
  <ItemGroup>
    <ClCompile Include="Application.cpp" />
    <ClCompile Include="log.cpp" />
    <ClCompile Include="Main.cpp" />
    <ClCompile Include="ImGui\imgui.cpp">
      <Filter>ImGui</Filter>
    </ClCompile>
    <ClCompile Include="ImGui\imgui_demo.cpp">
      <Filter>ImGui</Filter>
    </ClCompile>
    <ClCompile Include="ImGui\imgui_draw.cpp">
      <Filter>ImGui</Filter>
    </ClCompile>
    <ClCompile Include="ImGui\imgui_impl_opengl3.cpp">
      <Filter>ImGui</Filter>
    </ClCompile>
    <ClCompile Include="ImGui\imgui_impl_sdl.cpp">
      <Filter>ImGui</Filter>
    </ClCompile>
    <ClCompile Include="ImGui\imgui_tables.cpp">
      <Filter>ImGui</Filter>
    </ClCompile>
    <ClCompile Include="ImGui\imgui_widgets.cpp">
      <Filter>ImGui</Filter>
    </ClCompile>
    <ClCompile Include="Modules\src\ModuleDebugDraw.cpp">
      <Filter>Modules\SourceFiles</Filter>
    </ClCompile>
    <ClCompile Include="Modules\src\ModuleEditor.cpp">
      <Filter>Modules\SourceFiles</Filter>
    </ClCompile>
    <ClCompile Include="Modules\src\ModuleInput.cpp">
      <Filter>Modules\SourceFiles</Filter>
    </ClCompile>
    <ClCompile Include="Modules\src\ModuleProgram.cpp">
      <Filter>Modules\SourceFiles</Filter>
    </ClCompile>
    <ClCompile Include="Modules\src\ModuleRender.cpp">
      <Filter>Modules\SourceFiles</Filter>
    </ClCompile>
    <ClCompile Include="Modules\src\ModuleRenderExercise.cpp">
      <Filter>Modules\SourceFiles</Filter>
    </ClCompile>
    <ClCompile Include="Modules\src\ModuleTexture.cpp">
      <Filter>Modules\SourceFiles</Filter>
    </ClCompile>
    <ClCompile Include="Modules\src\ModuleWindow.cpp">
      <Filter>Modules\SourceFiles</Filter>
    </ClCompile>
  </ItemGroup>
  <ItemGroup>
    <ClInclude Include="Application.h" />
    <ClInclude Include="Dummy.h" />
    <ClInclude Include="Globals.h" />
    <ClInclude Include="ImGui\imconfig.h">
      <Filter>ImGui</Filter>
    </ClInclude>
    <ClInclude Include="ImGui\imgui.h">
      <Filter>ImGui</Filter>
    </ClInclude>
    <ClInclude Include="ImGui\imgui_impl_opengl3.h">
      <Filter>ImGui</Filter>
    </ClInclude>
    <ClInclude Include="ImGui\imgui_impl_opengl3_loader.h">
      <Filter>ImGui</Filter>
    </ClInclude>
    <ClInclude Include="ImGui\imgui_impl_sdl.h">
      <Filter>ImGui</Filter>
    </ClInclude>
    <ClInclude Include="ImGui\imgui_internal.h">
      <Filter>ImGui</Filter>
    </ClInclude>
    <ClInclude Include="ImGui\imstb_rectpack.h">
      <Filter>ImGui</Filter>
    </ClInclude>
    <ClInclude Include="ImGui\imstb_textedit.h">
      <Filter>ImGui</Filter>
    </ClInclude>
    <ClInclude Include="ImGui\imstb_truetype.h">
      <Filter>ImGui</Filter>
    </ClInclude>
    <ClInclude Include="resource.h" />
    <ClInclude Include="Modules\inc\ModuleDebugDraw.h">
      <Filter>Modules\HeaderFiles</Filter>
    </ClInclude>
    <ClInclude Include="Modules\inc\ModuleEditor.h">
      <Filter>Modules\HeaderFiles</Filter>
    </ClInclude>
    <ClInclude Include="Modules\inc\ModuleInput.h">
      <Filter>Modules\HeaderFiles</Filter>
    </ClInclude>
    <ClInclude Include="Modules\inc\ModuleProgram.h">
      <Filter>Modules\HeaderFiles</Filter>
    </ClInclude>
    <ClInclude Include="Modules\inc\ModuleRender.h">
      <Filter>Modules\HeaderFiles</Filter>
    </ClInclude>
    <ClInclude Include="Modules\inc\ModuleRenderExercise.h">
      <Filter>Modules\HeaderFiles</Filter>
    </ClInclude>
    <ClInclude Include="Modules\inc\ModuleTexture.h">
      <Filter>Modules\HeaderFiles</Filter>
    </ClInclude>
    <ClInclude Include="Modules\inc\ModuleWindow.h">
      <Filter>Modules\HeaderFiles</Filter>
    </ClInclude>
    <ClInclude Include="Modules\inc\Module.h">
      <Filter>Modules</Filter>
    </ClInclude>
  </ItemGroup>
  <ItemGroup>
    <Filter Include="Modules">
      <UniqueIdentifier>{ac96d51c-416e-4603-8cf9-3e66b3cf82b3}</UniqueIdentifier>
    </Filter>
    <Filter Include="Modules\HeaderFiles">
      <UniqueIdentifier>{cd0745c6-6cdf-4138-8048-f7d0f24b934e}</UniqueIdentifier>
    </Filter>
    <Filter Include="Modules\SourceFiles">
      <UniqueIdentifier>{d6fdcbe9-2464-41e4-b2a7-76cf7495778a}</UniqueIdentifier>
    </Filter>
    <Filter Include="Shaders">
      <UniqueIdentifier>{751fffde-6bb7-41a9-9865-869cffd7a3d9}</UniqueIdentifier>
    </Filter>
    <Filter Include="Shaders\Vertex">
      <UniqueIdentifier>{aec2c533-cd21-4dc1-a524-f604fdc5ba08}</UniqueIdentifier>
    </Filter>
    <Filter Include="Shaders\Fragments">
      <UniqueIdentifier>{c4532477-9c60-4b48-b203-4a39ec1cfc8e}</UniqueIdentifier>
    </Filter>
    <Filter Include="ImGui">
      <UniqueIdentifier>{8de16b99-979d-4580-977a-42af4e5f4cfc}</UniqueIdentifier>
    </Filter>
  </ItemGroup>
  <ItemGroup>
    <None Include="Shaders\fragment_triangle.glsl">
      <Filter>Shaders\Fragments</Filter>
    </None>
    <None Include="Shaders\vertex_triangle.glsl">
      <Filter>Shaders\Vertex</Filter>
    </None>
    <None Include="Shaders\VertexShaderWithUniforms.glsl">
      <Filter>Shaders\Vertex</Filter>
    </None>
  </ItemGroup>
  <ItemGroup>
    <ResourceCompile Include="Engine.rc" />
  </ItemGroup>
  <ItemGroup>
    <Text Include="FragmentShaderWithUniforms.glsl">
      <Filter>Shaders\Fragments</Filter>
    </Text>
  </ItemGroup>
</Project>